
Microsoft Visual Studio Solution File, Format Version 12.00
# Visual Studio Version 17
VisualStudioVersion = 17.13.35913.81 d17.13
MinimumVisualStudioVersion = 10.0.40219.1
Project("{FAE04EC0-301F-11D3-BF4B-00C04F79EFBC}") = "AzureCraft", "AzureCraft\AzureCraft.csproj", "{0CF47457-24DE-4A47-B35A-CED13926EB85}"
EndProject
Global
	GlobalSection(SolutionConfigurationPlatforms) = preSolution
		Debug|Any CPU = Debug|Any CPU
		Release|Any CPU = Release|Any CPU
	EndGlobalSection
	GlobalSection(ProjectConfigurationPlatforms) = postSolution
		{0CF47457-24DE-4A47-B35A-CED13926EB85}.Debug|Any CPU.ActiveCfg = Debug|Any CPU
		{0CF47457-24DE-4A47-B35A-CED13926EB85}.Debug|Any CPU.Build.0 = Debug|Any CPU
		{0CF47457-24DE-4A47-B35A-CED13926EB85}.Release|Any CPU.ActiveCfg = Release|Any CPU
		{0CF47457-24DE-4A47-B35A-CED13926EB85}.Release|Any CPU.Build.0 = Release|Any CPU
	EndGlobalSection
	GlobalSection(SolutionProperties) = preSolution
		HideSolutionNode = FALSE
	EndGlobalSection
	GlobalSection(ExtensibilityGlobals) = postSolution
		SolutionGuid = {CE47052E-5537-4EB2-BF1C-02448B16A8C3}
	EndGlobalSection
EndGlobal
